
Microsoft Visual Studio Solution File, Format Version 12.00
# Visual Studio Version 17
VisualStudioVersion = 17.1.32414.318
MinimumVisualStudioVersion = 10.0.40219.1
Project("{FAE04EC0-301F-11D3-BF4B-00C04F79EFBC}") = "TarkovGeoGuesser", "TarkovGeoGuesser\TarkovGeoGuesser.csproj", "{A24B3414-D51C-4129-B67D-99B2520A141D}"
EndProject
Project("{FAE04EC0-301F-11D3-BF4B-00C04F79EFBC}") = "TarkovGeoGuesser.Models", "TarkovGeoGuesser.Models\TarkovGeoGuesser.Models.csproj", "{58D9E291-8EB9-4519-AE2E-1418923BE595}"
EndProject
Project("{FAE04EC0-301F-11D3-BF4B-00C04F79EFBC}") = "TarkovGeoGuesser.Logic", "TarkovGeoGuesser.Logic\TarkovGeoGuesser.Logic.csproj", "{F737186A-0F8E-4196-973A-45025AF9F4D3}"
EndProject
Global
	GlobalSection(SolutionConfigurationPlatforms) = preSolution
		Debug|Any CPU = Debug|Any CPU
		Release|Any CPU = Release|Any CPU
	EndGlobalSection
	GlobalSection(ProjectConfigurationPlatforms) = postSolution
		{A24B3414-D51C-4129-B67D-99B2520A141D}.Debug|Any CPU.ActiveCfg = Debug|Any CPU
		{A24B3414-D51C-4129-B67D-99B2520A141D}.Debug|Any CPU.Build.0 = Debug|Any CPU
		{A24B3414-D51C-4129-B67D-99B2520A141D}.Release|Any CPU.ActiveCfg = Release|Any CPU
		{A24B3414-D51C-4129-B67D-99B2520A141D}.Release|Any CPU.Build.0 = Release|Any CPU
		{58D9E291-8EB9-4519-AE2E-1418923BE595}.Debug|Any CPU.ActiveCfg = Debug|Any CPU
		{58D9E291-8EB9-4519-AE2E-1418923BE595}.Debug|Any CPU.Build.0 = Debug|Any CPU
		{58D9E291-8EB9-4519-AE2E-1418923BE595}.Release|Any CPU.ActiveCfg = Release|Any CPU
		{58D9E291-8EB9-4519-AE2E-1418923BE595}.Release|Any CPU.Build.0 = Release|Any CPU
		{F737186A-0F8E-4196-973A-45025AF9F4D3}.Debug|Any CPU.ActiveCfg = Debug|Any CPU
		{F737186A-0F8E-4196-973A-45025AF9F4D3}.Debug|Any CPU.Build.0 = Debug|Any CPU
		{F737186A-0F8E-4196-973A-45025AF9F4D3}.Release|Any CPU.ActiveCfg = Release|Any CPU
		{F737186A-0F8E-4196-973A-45025AF9F4D3}.Release|Any CPU.Build.0 = Release|Any CPU
	EndGlobalSection
	GlobalSection(SolutionProperties) = preSolution
		HideSolutionNode = FALSE
	EndGlobalSection
	GlobalSection(ExtensibilityGlobals) = postSolution
		SolutionGuid = {DEFE94FB-E322-49A0-B7A9-C87E427B211B}
	EndGlobalSection
EndGlobal
